
Microsoft Visual Studio Solution File, Format Version 12.00
# Visual Studio 15
VisualStudioVersion = 15.0.27428.2002
MinimumVisualStudioVersion = 10.0.40219.1
Project("{9A19103F-16F7-4668-BE54-9A1E7A4F7556}") = "AspNetCore.OAuth.Provider.Strava", "AspNetCore.OAuth.Provider.Strava\AspNetCore.OAuth.Provider.Strava.csproj", "{C5001810-CF43-4030-A82B-82350B23AF9B}"
EndProject
Global
	GlobalSection(SolutionConfigurationPlatforms) = preSolution
		Debug|Any CPU = Debug|Any CPU
		Release|Any CPU = Release|Any CPU
	EndGlobalSection
	GlobalSection(ProjectConfigurationPlatforms) = postSolution
		{C5001810-CF43-4030-A82B-82350B23AF9B}.Debug|Any CPU.ActiveCfg = Debug|Any CPU
		{C5001810-CF43-4030-A82B-82350B23AF9B}.Debug|Any CPU.Build.0 = Debug|Any CPU
		{C5001810-CF43-4030-A82B-82350B23AF9B}.Release|Any CPU.ActiveCfg = Release|Any CPU
		{C5001810-CF43-4030-A82B-82350B23AF9B}.Release|Any CPU.Build.0 = Release|Any CPU
	EndGlobalSection
	GlobalSection(SolutionProperties) = preSolution
		HideSolutionNode = FALSE
	EndGlobalSection
	GlobalSection(ExtensibilityGlobals) = postSolution
		SolutionGuid = {078C4E03-4DC3-4FE8-BEB0-FB76690547C5}
	EndGlobalSection
EndGlobal
